
Microsoft Visual Studio Solution File, Format Version 12.00
# Visual Studio Version 16
VisualStudioVersion = 16.0.32929.386
MinimumVisualStudioVersion = 10.0.40219.1
Project("{FAE04EC0-301F-11D3-BF4B-00C04F79EFBC}") = "DataStructuresAndAlgorithms", "DataStructuresAndAlgorithms.csproj", "{5CEF8596-E590-494A-A04F-AE37613A903F}"
EndProject
Project("{FAE04EC0-301F-11D3-BF4B-00C04F79EFBC}") = "DataStructures", "..\DataStructures\DataStructures.csproj", "{054089EB-F996-467B-A96D-09AEEDBCB3CC}"
EndProject
Global
	GlobalSection(SolutionConfigurationPlatforms) = preSolution
		Debug|Any CPU = Debug|Any CPU
		Release|Any CPU = Release|Any CPU
	EndGlobalSection
	GlobalSection(ProjectConfigurationPlatforms) = postSolution
		{5CEF8596-E590-494A-A04F-AE37613A903F}.Debug|Any CPU.ActiveCfg = Debug|Any CPU
		{5CEF8596-E590-494A-A04F-AE37613A903F}.Debug|Any CPU.Build.0 = Debug|Any CPU
		{5CEF8596-E590-494A-A04F-AE37613A903F}.Release|Any CPU.ActiveCfg = Release|Any CPU
		{5CEF8596-E590-494A-A04F-AE37613A903F}.Release|Any CPU.Build.0 = Release|Any CPU
		{054089EB-F996-467B-A96D-09AEEDBCB3CC}.Debug|Any CPU.ActiveCfg = Debug|Any CPU
		{054089EB-F996-467B-A96D-09AEEDBCB3CC}.Debug|Any CPU.Build.0 = Debug|Any CPU
		{054089EB-F996-467B-A96D-09AEEDBCB3CC}.Release|Any CPU.ActiveCfg = Release|Any CPU
		{054089EB-F996-467B-A96D-09AEEDBCB3CC}.Release|Any CPU.Build.0 = Release|Any CPU
	EndGlobalSection
	GlobalSection(SolutionProperties) = preSolution
		HideSolutionNode = FALSE
	EndGlobalSection
	GlobalSection(ExtensibilityGlobals) = postSolution
		SolutionGuid = {5BF306DF-8197-454C-8E5B-953F8F6985A4}
	EndGlobalSection
EndGlobal
